// !$*UTF8*$!
{
	archiveVersion = 1;
	classes = {
	};
	objectVersion = 46;
	objects = {

/* Begin PBXBuildFile section */
		AD8FAE361CC614060029A33E /* KCLocationUtil.h in Headers */ = {isa = PBXBuildFile; fileRef = AD8FAE351CC614060029A33E /* KCLocationUtil.h */; settings = {ATTRIBUTES = (Public, ); }; };
		AD8FAE3D1CC614060029A33E /* KCLocationUtil.framework in Frameworks */ = {isa = PBXBuildFile; fileRef = AD8FAE321CC614060029A33E /* KCLocationUtil.framework */; };
		AD8FAE421CC614060029A33E /* KCLocationUtilTests.m in Sources */ = {isa = PBXBuildFile; fileRef = AD8FAE411CC614060029A33E /* KCLocationUtilTests.m */; };
		AD8FAE4E1CC614220029A33E /* KCLocationManager.h in Headers */ = {isa = PBXBuildFile; fileRef = AD8FAE4C1CC614220029A33E /* KCLocationManager.h */; };
		AD8FAE4F1CC614220029A33E /* KCLocationManager.m in Sources */ = {isa = PBXBuildFile; fileRef = AD8FAE4D1CC614220029A33E /* KCLocationManager.m */; };
/* End PBXBuildFile section */

/* Begin PBXContainerItemProxy section */
		AD8FAE3E1CC614060029A33E /* PBXContainerItemProxy */ = {
			isa = PBXContainerItemProxy;
			containerPortal = AD8FAE291CC614060029A33E /* Project object */;
			proxyType = 1;
			remoteGlobalIDString = AD8FAE311CC614060029A33E;
			remoteInfo = KCLocationUtil;
		};
/* End PBXContainerItemProxy section */

/* Begin PBXFileReference section */
		AD8FAE321CC614060029A33E /* KCLocationUtil.framework */ = {isa = PBXFileReference; explicitFileType = wrapper.framework; includeInIndex = 0; path = KCLocationUtil.framework; sourceTree = BUILT_PRODUCTS_DIR; };
		AD8FAE351CC614060029A33E /* KCLocationUtil.h */ = {isa = PBXFileReference; lastKnownFileType = sourcecode.c.h; path = KCLocationUtil.h; sourceTree = "<group>"; };
		AD8FAE371CC614060029A33E /* Info.plist */ = {isa = PBXFileReference; lastKnownFileType = text.plist.xml; path = Info.plist; sourceTree = "<group>"; };
		AD8FAE3C1CC614060029A33E /* KCLocationUtilTests.xctest */ = {isa = PBXFileReference; explicitFileType = wrapper.cfbundle; includeInIndex = 0; path = KCLocationUtilTests.xctest; sourceTree = BUILT_PRODUCTS_DIR; };
		AD8FAE411CC614060029A33E /* KCLocationUtilTests.m */ = {isa = PBXFileReference; lastKnownFileType = sourcecode.c.objc; path = KCLocationUtilTests.m; sourceTree = "<group>"; };
		AD8FAE431CC614060029A33E /* Info.plist */ = {isa = PBXFileReference; lastKnownFileType = text.plist.xml; path = Info.plist; sourceTree = "<group>"; };
		AD8FAE4C1CC614220029A33E /* KCLocationManager.h */ = {isa = PBXFileReference; fileEncoding = 4; lastKnownFileType = sourcecode.c.h; path = KCLocationManager.h; sourceTree = "<group>"; };
		AD8FAE4D1CC614220029A33E /* KCLocationManager.m */ = {isa = PBXFileReference; fileEncoding = 4; lastKnownFileType = sourcecode.c.objc; path = KCLocationManager.m; sourceTree = "<group>"; };
/* End PBXFileReference section */

/* Begin PBXFrameworksBuildPhase section */
		AD8FAE2E1CC614060029A33E /* Frameworks */ = {
			isa = PBXFrameworksBuildPhase;
			buildActionMask = 2147483647;
			files = (
			);
			runOnlyForDeploymentPostprocessing = 0;
		};
		AD8FAE391CC614060029A33E /* Frameworks */ = {
			isa = PBXFrameworksBuildPhase;
			buildActionMask = 2147483647;
			files = (
				AD8FAE3D1CC614060029A33E /* KCLocationUtil.framework in Frameworks */,
			);
			runOnlyForDeploymentPostprocessing = 0;
		};
/* End PBXFrameworksBuildPhase section */

/* Begin PBXGroup section */
		AD8FAE281CC614060029A33E = {
			isa = PBXGroup;
			children = (
				AD8FAE341CC614060029A33E /* KCLocationUtil */,
				AD8FAE401CC614060029A33E /* KCLocationUtilTests */,
				AD8FAE331CC614060029A33E /* Products */,
			);
			sourceTree = "<group>";
		};
		AD8FAE331CC614060029A33E /* Products */ = {
			isa = PBXGroup;
			children = (
				AD8FAE321CC614060029A33E /* KCLocationUtil.framework */,
				AD8FAE3C1CC614060029A33E /* KCLocationUtilTests.xctest */,
			);
			name = Products;
			sourceTree = "<group>";
		};
		AD8FAE341CC614060029A33E /* KCLocationUtil */ = {
			isa = PBXGroup;
			children = (
				AD8FAE351CC614060029A33E /* KCLocationUtil.h */,
				AD8FAE371CC614060029A33E /* Info.plist */,
				AD8FAE4C1CC614220029A33E /* KCLocationManager.h */,
				AD8FAE4D1CC614220029A33E /* KCLocationManager.m */,
			);
			path = KCLocationUtil;
			sourceTree = "<group>";
		};
		AD8FAE401CC614060029A33E /* KCLocationUtilTests */ = {
			isa = PBXGroup;
			children = (
				AD8FAE411CC614060029A33E /* KCLocationUtilTests.m */,
				AD8FAE431CC614060029A33E /* Info.plist */,
			);
			path = KCLocationUtilTests;
			sourceTree = "<group>";
		};
/* End PBXGroup section */

/* Begin PBXHeadersBuildPhase section */
		AD8FAE2F1CC614060029A33E /* Headers */ = {
			isa = PBXHeadersBuildPhase;
			buildActionMask = 2147483647;
			files = (
				AD8FAE361CC614060029A33E /* KCLocationUtil.h in Headers */,
				AD8FAE4E1CC614220029A33E /* KCLocationManager.h in Headers */,
			);
			runOnlyForDeploymentPostprocessing = 0;
		};
/* End PBXHeadersBuildPhase section */

/* Begin PBXNativeTarget section */
		AD8FAE311CC614060029A33E /* KCLocationUtil */ = {
			isa = PBXNativeTarget;
			buildConfigurationList = AD8FAE461CC614060029A33E /* Build configuration list for PBXNativeTarget "KCLocationUtil" */;
			buildPhases = (
				AD8FAE2D1CC614060029A33E /* Sources */,
				AD8FAE2E1CC614060029A33E /* Frameworks */,
				AD8FAE2F1CC614060029A33E /* Headers */,
				AD8FAE301CC614060029A33E /* Resources */,
			);
			buildRules = (
			);
			dependencies = (
			);
			name = KCLocationUtil;
			productName = KCLocationUtil;
			productReference = AD8FAE321CC614060029A33E /* KCLocationUtil.framework */;
			productType = "com.apple.product-type.framework";
		};
		AD8FAE3B1CC614060029A33E /* KCLocationUtilTests */ = {
			isa = PBXNativeTarget;
			buildConfigurationList = AD8FAE491CC614060029A33E /* Build configuration list for PBXNativeTarget "KCLocationUtilTests" */;
			buildPhases = (
				AD8FAE381CC614060029A33E /* Sources */,
				AD8FAE391CC614060029A33E /* Frameworks */,
				AD8FAE3A1CC614060029A33E /* Resources */,
			);
			buildRules = (
			);
			dependencies = (
				AD8FAE3F1CC614060029A33E /* PBXTargetDependency */,
			);
			name = KCLocationUtilTests;
			productName = KCLocationUtilTests;
			productReference = AD8FAE3C1CC614060029A33E /* KCLocationUtilTests.xctest */;
			productType = "com.apple.product-type.bundle.unit-test";
		};
/* End PBXNativeTarget section */

/* Begin PBXProject section */
		AD8FAE291CC614060029A33E /* Project object */ = {
			isa = PBXProject;
			attributes = {
				LastUpgradeCheck = 0720;
				ORGANIZATIONNAME = "Kumar C";
				TargetAttributes = {
					AD8FAE311CC614060029A33E = {
						CreatedOnToolsVersion = 7.2.1;
					};
					AD8FAE3B1CC614060029A33E = {
						CreatedOnToolsVersion = 7.2.1;
					};
				};
			};
			buildConfigurationList = AD8FAE2C1CC614060029A33E /* Build configuration list for PBXProject "KCLocationUtil" */;
			compatibilityVersion = "Xcode 3.2";
			developmentRegion = English;
			hasScannedForEncodings = 0;
			knownRegions = (
				en,
			);
			mainGroup = AD8FAE281CC614060029A33E;
			productRefGroup = AD8FAE331CC614060029A33E /* Products */;
			projectDirPath = "";
			projectRoot = "";
			targets = (
				AD8FAE311CC614060029A33E /* KCLocationUtil */,
				AD8FAE3B1CC614060029A33E /* KCLocationUtilTests */,
			);
		};
/* End PBXProject section */

/* Begin PBXResourcesBuildPhase section */
		AD8FAE301CC614060029A33E /* Resources */ = {
			isa = PBXResourcesBuildPhase;
			buildActionMask = 2147483647;
			files = (
			);
			runOnlyForDeploymentPostprocessing = 0;
		};
		AD8FAE3A1CC614060029A33E /* Resources */ = {
			isa = PBXResourcesBuildPhase;
			buildActionMask = 2147483647;
			files = (
			);
			runOnlyForDeploymentPostprocessing = 0;
		};
/* End PBXResourcesBuildPhase section */

/* Begin PBXSourcesBuildPhase section */
		AD8FAE2D1CC614060029A33E /* Sources */ = {
			isa = PBXSourcesBuildPhase;
			buildActionMask = 2147483647;
			files = (
				AD8FAE4F1CC614220029A33E /* KCLocationManager.m in Sources */,
			);
			runOnlyForDeploymentPostprocessing = 0;
		};
		AD8FAE381CC614060029A33E /* Sources */ = {
			isa = PBXSourcesBuildPhase;
			buildActionMask = 2147483647;
			files = (
				AD8FAE421CC614060029A33E /* KCLocationUtilTests.m in Sources */,
			);
			runOnlyForDeploymentPostprocessing = 0;
		};
/* End PBXSourcesBuildPhase section */

/* Begin PBXTargetDependency section */
		AD8FAE3F1CC614060029A33E /* PBXTargetDependency */ = {
			isa = PBXTargetDependency;
			target = AD8FAE311CC614060029A33E /* KCLocationUtil */;
			targetProxy = AD8FAE3E1CC614060029A33E /* PBXContainerItemProxy */;
		};
/* End PBXTargetDependency section */

/* Begin XCBuildConfiguration section */
		AD8FAE441CC614060029A33E /* Debug */ = {
			isa = XCBuildConfiguration;
			buildSettings = {
				ALWAYS_SEARCH_USER_PATHS = NO;
				CLANG_CXX_LANGUAGE_STANDARD = "gnu++0x";
				CLANG_CXX_LIBRARY = "libc++";
				CLANG_ENABLE_MODULES = YES;
				CLANG_ENABLE_OBJC_ARC = YES;
				CLANG_WARN_BOOL_CONVERSION = YES;
				CLANG_WARN_CONSTANT_CONVERSION = YES;
				CLANG_WARN_DIRECT_OBJC_ISA_USAGE = YES_ERROR;
				CLANG_WARN_EMPTY_BODY = YES;
				CLANG_WARN_ENUM_CONVERSION = YES;
				CLANG_WARN_INT_CONVERSION = YES;
				CLANG_WARN_OBJC_ROOT_CLASS = YES_ERROR;
				CLANG_WARN_UNREACHABLE_CODE = YES;
				CLANG_WARN__DUPLICATE_METHOD_MATCH = YES;
				"CODE_SIGN_IDENTITY[sdk=iphoneos*]" = "iPhone Developer";
				COPY_PHASE_STRIP = NO;
				CURRENT_PROJECT_VERSION = 1;
				DEBUG_INFORMATION_FORMAT = dwarf;
				ENABLE_STRICT_OBJC_MSGSEND = YES;
				ENABLE_TESTABILITY = YES;
				GCC_C_LANGUAGE_STANDARD = gnu99;
				GCC_DYNAMIC_NO_PIC = NO;
				GCC_NO_COMMON_BLOCKS = YES;
				GCC_OPTIMIZATION_LEVEL = 0;
				GCC_PREPROCESSOR_DEFINITIONS = (
					"DEBUG=1",
					"$(inherited)",
				);
				GCC_WARN_64_TO_32_BIT_CONVERSION = YES;
				GCC_WARN_ABOUT_RETURN_TYPE = YES_ERROR;
				GCC_WARN_UNDECLARED_SELECTOR = YES;
				GCC_WARN_UNINITIALIZED_AUTOS = YES_AGGRESSIVE;
				GCC_WARN_UNUSED_FUNCTION = YES;
				GCC_WARN_UNUSED_VARIABLE = YES;
				IPHONEOS_DEPLOYMENT_TARGET = 9.2;
				MTL_ENABLE_DEBUG_INFO = YES;
				ONLY_ACTIVE_ARCH = YES;
				SDKROOT = iphoneos;
				TARGETED_DEVICE_FAMILY = "1,2";
				VERSIONING_SYSTEM = "apple-generic";
				VERSION_INFO_PREFIX = "";
			};
			name = Debug;
		};
		AD8FAE451CC614060029A33E /* Release */ = {
			isa = XCBuildConfiguration;
			buildSettings = {
				ALWAYS_SEARCH_USER_PATHS = NO;
				CLANG_CXX_LANGUAGE_STANDARD = "gnu++0x";
				CLANG_CXX_LIBRARY = "libc++";
				CLANG_ENABLE_MODULES = YES;
				CLANG_ENABLE_OBJC_ARC = YES;
				CLANG_WARN_BOOL_CONVERSION = YES;
				CLANG_WARN_CONSTANT_CONVERSION = YES;
				CLANG_WARN_DIRECT_OBJC_ISA_USAGE = YES_ERROR;
				CLANG_WARN_EMPTY_BODY = YES;
				CLANG_WARN_ENUM_CONVERSION = YES;
				CLANG_WARN_INT_CONVERSION = YES;
				CLANG_WARN_OBJC_ROOT_CLASS = YES_ERROR;
				CLANG_WARN_UNREACHABLE_CODE = YES;
				CLANG_WARN__DUPLICATE_METHOD_MATCH = YES;
				"CODE_SIGN_IDENTITY[sdk=iphoneos*]" = "iPhone Developer";
				COPY_PHASE_STRIP = NO;
				CURRENT_PROJECT_VERSION = 1;
				DEBUG_INFORMATION_FORMAT = "dwarf-with-dsym";
				ENABLE_NS_ASSERTIONS = NO;
				ENABLE_STRICT_OBJC_MSGSEND = YES;
				GCC_C_LANGUAGE_STANDARD = gnu99;
				GCC_NO_COMMON_BLOCKS = YES;
				GCC_WARN_64_TO_32_BIT_CONVERSION = YES;
				GCC_WARN_ABOUT_RETURN_TYPE = YES_ERROR;
				GCC_WARN_UNDECLARED_SELECTOR = YES;
				GCC_WARN_UNINITIALIZED_AUTOS = YES_AGGRESSIVE;
				GCC_WARN_UNUSED_FUNCTION = YES;
				GCC_WARN_UNUSED_VARIABLE = YES;
				IPHONEOS_DEPLOYMENT_TARGET = 9.2;
				MTL_ENABLE_DEBUG_INFO = NO;
				SDKROOT = iphoneos;
				TARGETED_DEVICE_FAMILY = "1,2";
				VALIDATE_PRODUCT = YES;
				VERSIONING_SYSTEM = "apple-generic";
				VERSION_INFO_PREFIX = "";
			};
			name = Release;
		};
		AD8FAE471CC614060029A33E /* Debug */ = {
			isa = XCBuildConfiguration;
			buildSettings = {
				DEFINES_MODULE = YES;
				DYLIB_COMPATIBILITY_VERSION = 1;
				DYLIB_CURRENT_VERSION = 1;
				DYLIB_INSTALL_NAME_BASE = "@rpath";
				INFOPLIST_FILE = KCLocationUtil/Info.plist;
				INSTALL_PATH = "$(LOCAL_LIBRARY_DIR)/Frameworks";
				LD_RUNPATH_SEARCH_PATHS = "$(inherited) @executable_path/Frameworks @loader_path/Frameworks";
				PRODUCT_BUNDLE_IDENTIFIER = com.thirdeyeinc.sampledata.KCLocationUtil;
				PRODUCT_NAME = "$(TARGET_NAME)";
				SKIP_INSTALL = YES;
			};
			name = Debug;
		};
		AD8FAE481CC614060029A33E /* Release */ = {
			isa = XCBuildConfiguration;
			buildSettings = {
				DEFINES_MODULE = YES;
				DYLIB_COMPATIBILITY_VERSION = 1;
				DYLIB_CURRENT_VERSION = 1;
				DYLIB_INSTALL_NAME_BASE = "@rpath";
				INFOPLIST_FILE = KCLocationUtil/Info.plist;
				INSTALL_PATH = "$(LOCAL_LIBRARY_DIR)/Frameworks";
				LD_RUNPATH_SEARCH_PATHS = "$(inherited) @executable_path/Frameworks @loader_path/Frameworks";
				PRODUCT_BUNDLE_IDENTIFIER = com.thirdeyeinc.sampledata.KCLocationUtil;
				PRODUCT_NAME = "$(TARGET_NAME)";
				SKIP_INSTALL = YES;
			};
			name = Release;
		};
		AD8FAE4A1CC614060029A33E /* Debug */ = {
			isa = XCBuildConfiguration;
			buildSettings = {
				INFOPLIST_FILE = KCLocationUtilTests/Info.plist;
				LD_RUNPATH_SEARCH_PATHS = "$(inherited) @executable_path/Frameworks @loader_path/Frameworks";
				PRODUCT_BUNDLE_IDENTIFIER = com.thirdeyeinc.sampledata.KCLocationUtilTests;
				PRODUCT_NAME = "$(TARGET_NAME)";
			};
			name = Debug;
		};
		AD8FAE4B1CC614060029A33E /* Release */ = {
			isa = XCBuildConfiguration;
			buildSettings = {
				INFOPLIST_FILE = KCLocationUtilTests/Info.plist;
				LD_RUNPATH_SEARCH_PATHS = "$(inherited) @executable_path/Frameworks @loader_path/Frameworks";
				PRODUCT_BUNDLE_IDENTIFIER = com.thirdeyeinc.sampledata.KCLocationUtilTests;
				PRODUCT_NAME = "$(TARGET_NAME)";
			};
			name = Release;
		};
/* End XCBuildConfiguration section */

/* Begin XCConfigurationList section */
		AD8FAE2C1CC614060029A33E /* Build configuration list for PBXProject "KCLocationUtil" */ = {
			isa = XCConfigurationList;
			buildConfigurations = (
				AD8FAE441CC614060029A33E /* Debug */,
				AD8FAE451CC614060029A33E /* Release */,
			);
			defaultConfigurationIsVisible = 0;
			defaultConfigurationName = Release;
		};
		AD8FAE461CC614060029A33E /* Build configuration list for PBXNativeTarget "KCLocationUtil" */ = {
			isa = XCConfigurationList;
			buildConfigurations = (
				AD8FAE471CC614060029A33E /* Debug */,
				AD8FAE481CC614060029A33E /* Release */,
			);
			defaultConfigurationIsVisible = 0;
		};
		AD8FAE491CC614060029A33E /* Build configuration list for PBXNativeTarget "KCLocationUtilTests" */ = {
			isa = XCConfigurationList;
			buildConfigurations = (
				AD8FAE4A1CC614060029A33E /* Debug */,
				AD8FAE4B1CC614060029A33E /* Release */,
			);
			defaultConfigurationIsVisible = 0;
		};
/* End XCConfigurationList section */
	};
	rootObject = AD8FAE291CC614060029A33E /* Project object */;
}
